
Microsoft Visual Studio Solution File, Format Version 12.00
# Visual Studio 2013
VisualStudioVersion = 12.0.31101.0
MinimumVisualStudioVersion = 10.0.40219.1
Project("{FAE04EC0-301F-11D3-BF4B-00C04F79EFBC}") = "RS232.UI", "RS232.UI\RS232.UI.csproj", "{7802F828-A283-4A9D-A330-F7289A30A35E}"
	ProjectSection(ProjectDependencies) = postProject
		{A8222D61-BF8C-4184-B514-8498C4A2AD5F} = {A8222D61-BF8C-4184-B514-8498C4A2AD5F}
		{473C6B61-FC7D-465C-B0FF-F157B5A7C305} = {473C6B61-FC7D-465C-B0FF-F157B5A7C305}
	EndProjectSection
EndProject
Project("{FAE04EC0-301F-11D3-BF4B-00C04F79EFBC}") = "RS232.Serial", "RS232.Serial\RS232.Serial.csproj", "{A8222D61-BF8C-4184-B514-8498C4A2AD5F}"
	ProjectSection(ProjectDependencies) = postProject
		{473C6B61-FC7D-465C-B0FF-F157B5A7C305} = {473C6B61-FC7D-465C-B0FF-F157B5A7C305}
	EndProjectSection
EndProject
Project("{FAE04EC0-301F-11D3-BF4B-00C04F79EFBC}") = "RS232.Common", "RS232.Common\RS232.Common.csproj", "{473C6B61-FC7D-465C-B0FF-F157B5A7C305}"
EndProject
Global
	GlobalSection(SolutionConfigurationPlatforms) = preSolution
		Debug|Any CPU = Debug|Any CPU
		Release|Any CPU = Release|Any CPU
	EndGlobalSection
	GlobalSection(ProjectConfigurationPlatforms) = postSolution
		{7802F828-A283-4A9D-A330-F7289A30A35E}.Debug|Any CPU.ActiveCfg = Debug|Any CPU
		{7802F828-A283-4A9D-A330-F7289A30A35E}.Debug|Any CPU.Build.0 = Debug|Any CPU
		{7802F828-A283-4A9D-A330-F7289A30A35E}.Release|Any CPU.ActiveCfg = Release|Any CPU
		{7802F828-A283-4A9D-A330-F7289A30A35E}.Release|Any CPU.Build.0 = Release|Any CPU
		{A8222D61-BF8C-4184-B514-8498C4A2AD5F}.Debug|Any CPU.ActiveCfg = Debug|Any CPU
		{A8222D61-BF8C-4184-B514-8498C4A2AD5F}.Debug|Any CPU.Build.0 = Debug|Any CPU
		{A8222D61-BF8C-4184-B514-8498C4A2AD5F}.Release|Any CPU.ActiveCfg = Release|Any CPU
		{A8222D61-BF8C-4184-B514-8498C4A2AD5F}.Release|Any CPU.Build.0 = Release|Any CPU
		{473C6B61-FC7D-465C-B0FF-F157B5A7C305}.Debug|Any CPU.ActiveCfg = Debug|Any CPU
		{473C6B61-FC7D-465C-B0FF-F157B5A7C305}.Debug|Any CPU.Build.0 = Debug|Any CPU
		{473C6B61-FC7D-465C-B0FF-F157B5A7C305}.Release|Any CPU.ActiveCfg = Release|Any CPU
		{473C6B61-FC7D-465C-B0FF-F157B5A7C305}.Release|Any CPU.Build.0 = Release|Any CPU
	EndGlobalSection
	GlobalSection(SolutionProperties) = preSolution
		HideSolutionNode = FALSE
	EndGlobalSection
EndGlobal
