
Microsoft Visual Studio Solution File, Format Version 12.00
# Visual Studio 2013
VisualStudioVersion = 12.0.31101.0
MinimumVisualStudioVersion = 10.0.40219.1
Project("{2150E333-8FDC-42A3-9474-1A3956D46DE8}") = "RS485.Master", "RS485.Master", "{600E6237-184F-4480-9BD1-EB318623F247}"
EndProject
Project("{2150E333-8FDC-42A3-9474-1A3956D46DE8}") = "RS485.Slave", "RS485.Slave", "{AC9F45BC-EBA5-4A0E-A061-B4325452D8F6}"
EndProject
Project("{FAE04EC0-301F-11D3-BF4B-00C04F79EFBC}") = "RS485.Master.Serial", "RS485.Master.Serial\RS485.Master.Serial.csproj", "{567FECF7-0E34-41C8-8E74-945DB28B21C6}"
EndProject
Project("{FAE04EC0-301F-11D3-BF4B-00C04F79EFBC}") = "RS485.Slave.Serial", "RS485.Slave.Serial\RS485.Slave.Serial.csproj", "{48D7EDED-5495-44E9-B3CE-B675E7D1B921}"
EndProject
Project("{FAE04EC0-301F-11D3-BF4B-00C04F79EFBC}") = "RS485.UI", "RS485.UI\RS485.UI.csproj", "{FE5F9A56-A9AA-4A90-B473-9A6732C8EBFB}"
	ProjectSection(ProjectDependencies) = postProject
		{48D7EDED-5495-44E9-B3CE-B675E7D1B921} = {48D7EDED-5495-44E9-B3CE-B675E7D1B921}
		{567FECF7-0E34-41C8-8E74-945DB28B21C6} = {567FECF7-0E34-41C8-8E74-945DB28B21C6}
	EndProjectSection
EndProject
Global
	GlobalSection(SolutionConfigurationPlatforms) = preSolution
		Debug|Any CPU = Debug|Any CPU
		Release|Any CPU = Release|Any CPU
	EndGlobalSection
	GlobalSection(ProjectConfigurationPlatforms) = postSolution
		{567FECF7-0E34-41C8-8E74-945DB28B21C6}.Debug|Any CPU.ActiveCfg = Debug|Any CPU
		{567FECF7-0E34-41C8-8E74-945DB28B21C6}.Debug|Any CPU.Build.0 = Debug|Any CPU
		{567FECF7-0E34-41C8-8E74-945DB28B21C6}.Release|Any CPU.ActiveCfg = Release|Any CPU
		{567FECF7-0E34-41C8-8E74-945DB28B21C6}.Release|Any CPU.Build.0 = Release|Any CPU
		{48D7EDED-5495-44E9-B3CE-B675E7D1B921}.Debug|Any CPU.ActiveCfg = Debug|Any CPU
		{48D7EDED-5495-44E9-B3CE-B675E7D1B921}.Debug|Any CPU.Build.0 = Debug|Any CPU
		{48D7EDED-5495-44E9-B3CE-B675E7D1B921}.Release|Any CPU.ActiveCfg = Release|Any CPU
		{48D7EDED-5495-44E9-B3CE-B675E7D1B921}.Release|Any CPU.Build.0 = Release|Any CPU
		{FE5F9A56-A9AA-4A90-B473-9A6732C8EBFB}.Debug|Any CPU.ActiveCfg = Debug|Any CPU
		{FE5F9A56-A9AA-4A90-B473-9A6732C8EBFB}.Debug|Any CPU.Build.0 = Debug|Any CPU
		{FE5F9A56-A9AA-4A90-B473-9A6732C8EBFB}.Release|Any CPU.ActiveCfg = Release|Any CPU
		{FE5F9A56-A9AA-4A90-B473-9A6732C8EBFB}.Release|Any CPU.Build.0 = Release|Any CPU
	EndGlobalSection
	GlobalSection(SolutionProperties) = preSolution
		HideSolutionNode = FALSE
	EndGlobalSection
	GlobalSection(NestedProjects) = preSolution
		{567FECF7-0E34-41C8-8E74-945DB28B21C6} = {600E6237-184F-4480-9BD1-EB318623F247}
		{48D7EDED-5495-44E9-B3CE-B675E7D1B921} = {AC9F45BC-EBA5-4A0E-A061-B4325452D8F6}
	EndGlobalSection
EndGlobal
